{
  "name": "@gatedpath/ops-kit",
  "version": "0.2.0",
  "lockfileVersion": 3,
  "requires": true,
  "packages": {
    "": {
      "name": "@gatedpath/ops-kit",
      "version": "0.2.0",
      "license": "MIT",
      "dependencies": {
        "@gatedpath/chains": "file:../chain-definitions"
      },
      "bin": {
        "redbelly-alert": "scripts/alert.mjs",
        "redbelly-routescan-holders": "scripts/routescan-holders.mjs",
        "redbelly-routescan-transfers": "scripts/routescan-transfers.mjs",
        "redbelly-routescan-verified": "scripts/routescan-verified.mjs"
      },
      "engines": {
        "node": ">=20"
      }
    },
    "../chain-definitions": {
      "name": "@gatedpath/chains",
      "version": "0.1.0",
      "license": "MIT",
      "devDependencies": {
        "typescript": "^5.9.3",
        "viem": "^2.56.3"
      },
      "engines": {
        "node": ">=18"
      },
      "peerDependencies": {
        "viem": ">=2.0.0"
      },
      "peerDependenciesMeta": {
        "viem": {
          "optional": true
        }
      }
    },
    "node_modules/@gatedpath/chains": {
      "resolved": "../chain-definitions",
      "link": true
    }
  }
}
